
Microsoft Visual Studio Solution File, Format Version 12.00
# Visual Studio Version 17
VisualStudioVersion = 17.4.33403.182
MinimumVisualStudioVersion = 10.0.40219.1
Project("{FAE04EC0-301F-11D3-BF4B-00C04F79EFBC}") = "Proyecto Final Final", "Proyecto Final Final.csproj", "{5665126B-200A-43ED-99CF-5482332D091C}"
EndProject
Global
	GlobalSection(SolutionConfigurationPlatforms) = preSolution
		Debug|Any CPU = Debug|Any CPU
		Release|Any CPU = Release|Any CPU
	EndGlobalSection
	GlobalSection(ProjectConfigurationPlatforms) = postSolution
		{5665126B-200A-43ED-99CF-5482332D091C}.Debug|Any CPU.ActiveCfg = Debug|Any CPU
		{5665126B-200A-43ED-99CF-5482332D091C}.Debug|Any CPU.Build.0 = Debug|Any CPU
		{5665126B-200A-43ED-99CF-5482332D091C}.Release|Any CPU.ActiveCfg = Release|Any CPU
		{5665126B-200A-43ED-99CF-5482332D091C}.Release|Any CPU.Build.0 = Release|Any CPU
	EndGlobalSection
	GlobalSection(SolutionProperties) = preSolution
		HideSolutionNode = FALSE
	EndGlobalSection
	GlobalSection(ExtensibilityGlobals) = postSolution
		SolutionGuid = {A7F242ED-8845-4F74-8CAC-63070BBDBA69}
	EndGlobalSection
EndGlobal
